// !$*UTF8*$!
{
	archiveVersion = 1;
	classes = {
	};
	objectVersion = 46;
	objects = {

/* Begin PBXBuildFile section */
		C25CBADB190F758E00D03BB5 /* Foundation.framework in Frameworks */ = {isa = PBXBuildFile; fileRef = C25CBADA190F758E00D03BB5 /* Foundation.framework */; };
		C25CBADD190F758E00D03BB5 /* CoreGraphics.framework in Frameworks */ = {isa = PBXBuildFile; fileRef = C25CBADC190F758E00D03BB5 /* CoreGraphics.framework */; };
		C25CBADF190F758E00D03BB5 /* UIKit.framework in Frameworks */ = {isa = PBXBuildFile; fileRef = C25CBADE190F758E00D03BB5 /* UIKit.framework */; };
		C25CBAE5190F758E00D03BB5 /* InfoPlist.strings in Resources */ = {isa = PBXBuildFile; fileRef = C25CBAE3190F758E00D03BB5 /* InfoPlist.strings */; };
		C25CBAE7190F758E00D03BB5 /* main.m in Sources */ = {isa = PBXBuildFile; fileRef = C25CBAE6190F758E00D03BB5 /* main.m */; };
		C25CBAEB190F758E00D03BB5 /* JMOAppDelegate.m in Sources */ = {isa = PBXBuildFile; fileRef = C25CBAEA190F758E00D03BB5 /* JMOAppDelegate.m */; };
		C25CBAF1190F758E00D03BB5 /* JMOViewController.m in Sources */ = {isa = PBXBuildFile; fileRef = C25CBAF0190F758E00D03BB5 /* JMOViewController.m */; };
		C25CBAF3190F758E00D03BB5 /* Images.xcassets in Resources */ = {isa = PBXBuildFile; fileRef = C25CBAF2190F758E00D03BB5 /* Images.xcassets */; };
		C25CBAFA190F758E00D03BB5 /* XCTest.framework in Frameworks */ = {isa = PBXBuildFile; fileRef = C25CBAF9190F758E00D03BB5 /* XCTest.framework */; };
		C25CBAFB190F758E00D03BB5 /* Foundation.framework in Frameworks */ = {isa = PBXBuildFile; fileRef = C25CBADA190F758E00D03BB5 /* Foundation.framework */; };
		C25CBAFC190F758E00D03BB5 /* UIKit.framework in Frameworks */ = {isa = PBXBuildFile; fileRef = C25CBADE190F758E00D03BB5 /* UIKit.framework */; };
		C25CBB04190F758E00D03BB5 /* InfoPlist.strings in Resources */ = {isa = PBXBuildFile; fileRef = C25CBB02190F758E00D03BB5 /* InfoPlist.strings */; };
		C25CBB06190F758E00D03BB5 /* UINavigationControllerWithCompletionBlockTests.m in Sources */ = {isa = PBXBuildFile; fileRef = C25CBB05190F758E00D03BB5 /* UINavigationControllerWithCompletionBlockTests.m */; };
		C25CBB11190F763700D03BB5 /* Main.storyboard in Resources */ = {isa = PBXBuildFile; fileRef = C25CBB0F190F763700D03BB5 /* Main.storyboard */; };
		C25CBB1A190F766600D03BB5 /* JRSwizzle.m in Sources */ = {isa = PBXBuildFile; fileRef = C25CBB14190F766600D03BB5 /* JRSwizzle.m */; };
		C25CBB1B190F766600D03BB5 /* JMONavigationAction.m in Sources */ = {isa = PBXBuildFile; fileRef = C25CBB17190F766600D03BB5 /* JMONavigationAction.m */; };
		C25CBB1C190F766600D03BB5 /* UINavigationController+CompletionBlock.m in Sources */ = {isa = PBXBuildFile; fileRef = C25CBB19190F766600D03BB5 /* UINavigationController+CompletionBlock.m */; };
/* End PBXBuildFile section */

/* Begin PBXContainerItemProxy section */
		C25CBAFD190F758E00D03BB5 /* PBXContainerItemProxy */ = {
			isa = PBXContainerItemProxy;
			containerPortal = C25CBACF190F758E00D03BB5 /* Project object */;
			proxyType = 1;
			remoteGlobalIDString = C25CBAD6190F758E00D03BB5;
			remoteInfo = UINavigationControllerWithCompletionBlock;
		};
/* End PBXContainerItemProxy section */

/* Begin PBXFileReference section */
		C25CBAD7190F758E00D03BB5 /* UINavigationControllerWithCompletionBlock.app */ = {isa = PBXFileReference; explicitFileType = wrapper.application; includeInIndex = 0; path = UINavigationControllerWithCompletionBlock.app; sourceTree = BUILT_PRODUCTS_DIR; };
		C25CBADA190F758E00D03BB5 /* Foundation.framework */ = {isa = PBXFileReference; lastKnownFileType = wrapper.framework; name = Foundation.framework; path = System/Library/Frameworks/Foundation.framework; sourceTree = SDKROOT; };
		C25CBADC190F758E00D03BB5 /* CoreGraphics.framework */ = {isa = PBXFileReference; lastKnownFileType = wrapper.framework; name = CoreGraphics.framework; path = System/Library/Frameworks/CoreGraphics.framework; sourceTree = SDKROOT; };
		C25CBADE190F758E00D03BB5 /* UIKit.framework */ = {isa = PBXFileReference; lastKnownFileType = wrapper.framework; name = UIKit.framework; path = System/Library/Frameworks/UIKit.framework; sourceTree = SDKROOT; };
		C25CBAE2190F758E00D03BB5 /* UINavigationControllerWithCompletionBlock-Info.plist */ = {isa = PBXFileReference; lastKnownFileType = text.plist.xml; path = "UINavigationControllerWithCompletionBlock-Info.plist"; sourceTree = "<group>"; };
		C25CBAE4190F758E00D03BB5 /* en */ = {isa = PBXFileReference; lastKnownFileType = text.plist.strings; name = en; path = en.lproj/InfoPlist.strings; sourceTree = "<group>"; };
		C25CBAE6190F758E00D03BB5 /* main.m */ = {isa = PBXFileReference; lastKnownFileType = sourcecode.c.objc; path = main.m; sourceTree = "<group>"; };
		C25CBAE8190F758E00D03BB5 /* UINavigationControllerWithCompletionBlock-Prefix.pch */ = {isa = PBXFileReference; lastKnownFileType = sourcecode.c.h; path = "UINavigationControllerWithCompletionBlock-Prefix.pch"; sourceTree = "<group>"; };
		C25CBAE9190F758E00D03BB5 /* JMOAppDelegate.h */ = {isa = PBXFileReference; lastKnownFileType = sourcecode.c.h; path = JMOAppDelegate.h; sourceTree = "<group>"; };
		C25CBAEA190F758E00D03BB5 /* JMOAppDelegate.m */ = {isa = PBXFileReference; lastKnownFileType = sourcecode.c.objc; path = JMOAppDelegate.m; sourceTree = "<group>"; };
		C25CBAEF190F758E00D03BB5 /* JMOViewController.h */ = {isa = PBXFileReference; lastKnownFileType = sourcecode.c.h; path = JMOViewController.h; sourceTree = "<group>"; };
		C25CBAF0190F758E00D03BB5 /* JMOViewController.m */ = {isa = PBXFileReference; lastKnownFileType = sourcecode.c.objc; path = JMOViewController.m; sourceTree = "<group>"; };
		C25CBAF2190F758E00D03BB5 /* Images.xcassets */ = {isa = PBXFileReference; lastKnownFileType = folder.assetcatalog; path = Images.xcassets; sourceTree = "<group>"; };
		C25CBAF8190F758E00D03BB5 /* UINavigationControllerWithCompletionBlockTests.xctest */ = {isa = PBXFileReference; explicitFileType = wrapper.cfbundle; includeInIndex = 0; path = UINavigationControllerWithCompletionBlockTests.xctest; sourceTree = BUILT_PRODUCTS_DIR; };
		C25CBAF9190F758E00D03BB5 /* XCTest.framework */ = {isa = PBXFileReference; lastKnownFileType = wrapper.framework; name = XCTest.framework; path = Library/Frameworks/XCTest.framework; sourceTree = DEVELOPER_DIR; };
		C25CBB01190F758E00D03BB5 /* UINavigationControllerWithCompletionBlockTests-Info.plist */ = {isa = PBXFileReference; lastKnownFileType = text.plist.xml; path = "UINavigationControllerWithCompletionBlockTests-Info.plist"; sourceTree = "<group>"; };
		C25CBB03190F758E00D03BB5 /* en */ = {isa = PBXFileReference; lastKnownFileType = text.plist.strings; name = en; path = en.lproj/InfoPlist.strings; sourceTree = "<group>"; };
		C25CBB05190F758E00D03BB5 /* UINavigationControllerWithCompletionBlockTests.m */ = {isa = PBXFileReference; lastKnownFileType = sourcecode.c.objc; path = UINavigationControllerWithCompletionBlockTests.m; sourceTree = "<group>"; };
		C25CBB10190F763700D03BB5 /* Base */ = {isa = PBXFileReference; lastKnownFileType = file.storyboard; name = Base; path = Base.lproj/Main.storyboard; sourceTree = "<group>"; };
		C25CBB13190F766600D03BB5 /* JRSwizzle.h */ = {isa = PBXFileReference; fileEncoding = 4; lastKnownFileType = sourcecode.c.h; path = JRSwizzle.h; sourceTree = "<group>"; };
		C25CBB14190F766600D03BB5 /* JRSwizzle.m */ = {isa = PBXFileReference; fileEncoding = 4; lastKnownFileType = sourcecode.c.objc; path = JRSwizzle.m; sourceTree = "<group>"; };
		C25CBB16190F766600D03BB5 /* JMONavigationAction.h */ = {isa = PBXFileReference; fileEncoding = 4; lastKnownFileType = sourcecode.c.h; path = JMONavigationAction.h; sourceTree = "<group>"; };
		C25CBB17190F766600D03BB5 /* JMONavigationAction.m */ = {isa = PBXFileReference; fileEncoding = 4; lastKnownFileType = sourcecode.c.objc; path = JMONavigationAction.m; sourceTree = "<group>"; };
		C25CBB18190F766600D03BB5 /* UINavigationController+CompletionBlock.h */ = {isa = PBXFileReference; fileEncoding = 4; lastKnownFileType = sourcecode.c.h; path = "UINavigationController+CompletionBlock.h"; sourceTree = "<group>"; };
		C25CBB19190F766600D03BB5 /* UINavigationController+CompletionBlock.m */ = {isa = PBXFileReference; fileEncoding = 4; lastKnownFileType = sourcecode.c.objc; path = "UINavigationController+CompletionBlock.m"; sourceTree = "<group>"; };
/* End PBXFileReference section */

/* Begin PBXFrameworksBuildPhase section */
		C25CBAD4190F758E00D03BB5 /* Frameworks */ = {
			isa = PBXFrameworksBuildPhase;
			buildActionMask = 2147483647;
			files = (
				C25CBADD190F758E00D03BB5 /* CoreGraphics.framework in Frameworks */,
				C25CBADF190F758E00D03BB5 /* UIKit.framework in Frameworks */,
				C25CBADB190F758E00D03BB5 /* Foundation.framework in Frameworks */,
			);
			runOnlyForDeploymentPostprocessing = 0;
		};
		C25CBAF5190F758E00D03BB5 /* Frameworks */ = {
			isa = PBXFrameworksBuildPhase;
			buildActionMask = 2147483647;
			files = (
				C25CBAFA190F758E00D03BB5 /* XCTest.framework in Frameworks */,
				C25CBAFC190F758E00D03BB5 /* UIKit.framework in Frameworks */,
				C25CBAFB190F758E00D03BB5 /* Foundation.framework in Frameworks */,
			);
			runOnlyForDeploymentPostprocessing = 0;
		};
/* End PBXFrameworksBuildPhase section */

/* Begin PBXGroup section */
		C25CBACE190F758E00D03BB5 = {
			isa = PBXGroup;
			children = (
				C25CBAE0190F758E00D03BB5 /* UINavigationControllerWithCompletionBlock */,
				C25CBAFF190F758E00D03BB5 /* UINavigationControllerWithCompletionBlockTests */,
				C25CBAD9190F758E00D03BB5 /* Frameworks */,
				C25CBAD8190F758E00D03BB5 /* Products */,
			);
			sourceTree = "<group>";
		};
		C25CBAD8190F758E00D03BB5 /* Products */ = {
			isa = PBXGroup;
			children = (
				C25CBAD7190F758E00D03BB5 /* UINavigationControllerWithCompletionBlock.app */,
				C25CBAF8190F758E00D03BB5 /* UINavigationControllerWithCompletionBlockTests.xctest */,
			);
			name = Products;
			sourceTree = "<group>";
		};
		C25CBAD9190F758E00D03BB5 /* Frameworks */ = {
			isa = PBXGroup;
			children = (
				C25CBB12190F766600D03BB5 /* JRSwizzle */,
				C25CBB15190F766600D03BB5 /* UINavigationControllerWithCompletionBlock */,
				C25CBADA190F758E00D03BB5 /* Foundation.framework */,
				C25CBADC190F758E00D03BB5 /* CoreGraphics.framework */,
				C25CBADE190F758E00D03BB5 /* UIKit.framework */,
				C25CBAF9190F758E00D03BB5 /* XCTest.framework */,
			);
			name = Frameworks;
			sourceTree = "<group>";
		};
		C25CBAE0190F758E00D03BB5 /* UINavigationControllerWithCompletionBlock */ = {
			isa = PBXGroup;
			children = (
				C25CBB0F190F763700D03BB5 /* Main.storyboard */,
				C25CBAE9190F758E00D03BB5 /* JMOAppDelegate.h */,
				C25CBAEA190F758E00D03BB5 /* JMOAppDelegate.m */,
				C25CBAEF190F758E00D03BB5 /* JMOViewController.h */,
				C25CBAF0190F758E00D03BB5 /* JMOViewController.m */,
				C25CBAF2190F758E00D03BB5 /* Images.xcassets */,
				C25CBAE1190F758E00D03BB5 /* Supporting Files */,
			);
			path = UINavigationControllerWithCompletionBlock;
			sourceTree = "<group>";
		};
		C25CBAE1190F758E00D03BB5 /* Supporting Files */ = {
			isa = PBXGroup;
			children = (
				C25CBAE2190F758E00D03BB5 /* UINavigationControllerWithCompletionBlock-Info.plist */,
				C25CBAE3190F758E00D03BB5 /* InfoPlist.strings */,
				C25CBAE6190F758E00D03BB5 /* main.m */,
				C25CBAE8190F758E00D03BB5 /* UINavigationControllerWithCompletionBlock-Prefix.pch */,
			);
			name = "Supporting Files";
			sourceTree = "<group>";
		};
		C25CBAFF190F758E00D03BB5 /* UINavigationControllerWithCompletionBlockTests */ = {
			isa = PBXGroup;
			children = (
				C25CBB05190F758E00D03BB5 /* UINavigationControllerWithCompletionBlockTests.m */,
				C25CBB00190F758E00D03BB5 /* Supporting Files */,
			);
			path = UINavigationControllerWithCompletionBlockTests;
			sourceTree = "<group>";
		};
		C25CBB00190F758E00D03BB5 /* Supporting Files */ = {
			isa = PBXGroup;
			children = (
				C25CBB01190F758E00D03BB5 /* UINavigationControllerWithCompletionBlockTests-Info.plist */,
				C25CBB02190F758E00D03BB5 /* InfoPlist.strings */,
			);
			name = "Supporting Files";
			sourceTree = "<group>";
		};
		C25CBB12190F766600D03BB5 /* JRSwizzle */ = {
			isa = PBXGroup;
			children = (
				C25CBB13190F766600D03BB5 /* JRSwizzle.h */,
				C25CBB14190F766600D03BB5 /* JRSwizzle.m */,
			);
			name = JRSwizzle;
			path = UINavigationControllerWithCompletionBlock/JRSwizzle;
			sourceTree = "<group>";
		};
		C25CBB15190F766600D03BB5 /* UINavigationControllerWithCompletionBlock */ = {
			isa = PBXGroup;
			children = (
				C25CBB16190F766600D03BB5 /* JMONavigationAction.h */,
				C25CBB17190F766600D03BB5 /* JMONavigationAction.m */,
				C25CBB18190F766600D03BB5 /* UINavigationController+CompletionBlock.h */,
				C25CBB19190F766600D03BB5 /* UINavigationController+CompletionBlock.m */,
			);
			name = UINavigationControllerWithCompletionBlock;
			path = UINavigationControllerWithCompletionBlock/UINavigationControllerWithCompletionBlock;
			sourceTree = "<group>";
		};
/* End PBXGroup section */

/* Begin PBXNativeTarget section */
		C25CBAD6190F758E00D03BB5 /* UINavigationControllerWithCompletionBlock */ = {
			isa = PBXNativeTarget;
			buildConfigurationList = C25CBB09190F758E00D03BB5 /* Build configuration list for PBXNativeTarget "UINavigationControllerWithCompletionBlock" */;
			buildPhases = (
				C25CBAD3190F758E00D03BB5 /* Sources */,
				C25CBAD4190F758E00D03BB5 /* Frameworks */,
				C25CBAD5190F758E00D03BB5 /* Resources */,
			);
			buildRules = (
			);
			dependencies = (
			);
			name = UINavigationControllerWithCompletionBlock;
			productName = UINavigationControllerWithCompletionBlock;
			productReference = C25CBAD7190F758E00D03BB5 /* UINavigationControllerWithCompletionBlock.app */;
			productType = "com.apple.product-type.application";
		};
		C25CBAF7190F758E00D03BB5 /* UINavigationControllerWithCompletionBlockTests */ = {
			isa = PBXNativeTarget;
			buildConfigurationList = C25CBB0C190F758E00D03BB5 /* Build configuration list for PBXNativeTarget "UINavigationControllerWithCompletionBlockTests" */;
			buildPhases = (
				C25CBAF4190F758E00D03BB5 /* Sources */,
				C25CBAF5190F758E00D03BB5 /* Frameworks */,
				C25CBAF6190F758E00D03BB5 /* Resources */,
			);
			buildRules = (
			);
			dependencies = (
				C25CBAFE190F758E00D03BB5 /* PBXTargetDependency */,
			);
			name = UINavigationControllerWithCompletionBlockTests;
			productName = UINavigationControllerWithCompletionBlockTests;
			productReference = C25CBAF8190F758E00D03BB5 /* UINavigationControllerWithCompletionBlockTests.xctest */;
			productType = "com.apple.product-type.bundle.unit-test";
		};
/* End PBXNativeTarget section */

/* Begin PBXProject section */
		C25CBACF190F758E00D03BB5 /* Project object */ = {
			isa = PBXProject;
			attributes = {
				CLASSPREFIX = JMO;
				LastUpgradeCheck = 0510;
				ORGANIZATIONNAME = "Jerome Morissard";
				TargetAttributes = {
					C25CBAF7190F758E00D03BB5 = {
						TestTargetID = C25CBAD6190F758E00D03BB5;
					};
				};
			};
			buildConfigurationList = C25CBAD2190F758E00D03BB5 /* Build configuration list for PBXProject "UINavigationControllerWithCompletionBlock" */;
			compatibilityVersion = "Xcode 3.2";
			developmentRegion = English;
			hasScannedForEncodings = 0;
			knownRegions = (
				en,
				Base,
			);
			mainGroup = C25CBACE190F758E00D03BB5;
			productRefGroup = C25CBAD8190F758E00D03BB5 /* Products */;
			projectDirPath = "";
			projectRoot = "";
			targets = (
				C25CBAD6190F758E00D03BB5 /* UINavigationControllerWithCompletionBlock */,
				C25CBAF7190F758E00D03BB5 /* UINavigationControllerWithCompletionBlockTests */,
			);
		};
/* End PBXProject section */

/* Begin PBXResourcesBuildPhase section */
		C25CBAD5190F758E00D03BB5 /* Resources */ = {
			isa = PBXResourcesBuildPhase;
			buildActionMask = 2147483647;
			files = (
				C25CBB11190F763700D03BB5 /* Main.storyboard in Resources */,
				C25CBAF3190F758E00D03BB5 /* Images.xcassets in Resources */,
				C25CBAE5190F758E00D03BB5 /* InfoPlist.strings in Resources */,
			);
			runOnlyForDeploymentPostprocessing = 0;
		};
		C25CBAF6190F758E00D03BB5 /* Resources */ = {
			isa = PBXResourcesBuildPhase;
			buildActionMask = 2147483647;
			files = (
				C25CBB04190F758E00D03BB5 /* InfoPlist.strings in Resources */,
			);
			runOnlyForDeploymentPostprocessing = 0;
		};
/* End PBXResourcesBuildPhase section */

/* Begin PBXSourcesBuildPhase section */
		C25CBAD3190F758E00D03BB5 /* Sources */ = {
			isa = PBXSourcesBuildPhase;
			buildActionMask = 2147483647;
			files = (
				C25CBAE7190F758E00D03BB5 /* main.m in Sources */,
				C25CBB1B190F766600D03BB5 /* JMONavigationAction.m in Sources */,
				C25CBAF1190F758E00D03BB5 /* JMOViewController.m in Sources */,
				C25CBB1A190F766600D03BB5 /* JRSwizzle.m in Sources */,
				C25CBAEB190F758E00D03BB5 /* JMOAppDelegate.m in Sources */,
				C25CBB1C190F766600D03BB5 /* UINavigationController+CompletionBlock.m in Sources */,
			);
			runOnlyForDeploymentPostprocessing = 0;
		};
		C25CBAF4190F758E00D03BB5 /* Sources */ = {
			isa = PBXSourcesBuildPhase;
			buildActionMask = 2147483647;
			files = (
				C25CBB06190F758E00D03BB5 /* UINavigationControllerWithCompletionBlockTests.m in Sources */,
			);
			runOnlyForDeploymentPostprocessing = 0;
		};
/* End PBXSourcesBuildPhase section */

/* Begin PBXTargetDependency section */
		C25CBAFE190F758E00D03BB5 /* PBXTargetDependency */ = {
			isa = PBXTargetDependency;
			target = C25CBAD6190F758E00D03BB5 /* UINavigationControllerWithCompletionBlock */;
			targetProxy = C25CBAFD190F758E00D03BB5 /* PBXContainerItemProxy */;
		};
/* End PBXTargetDependency section */

/* Begin PBXVariantGroup section */
		C25CBAE3190F758E00D03BB5 /* InfoPlist.strings */ = {
			isa = PBXVariantGroup;
			children = (
				C25CBAE4190F758E00D03BB5 /* en */,
			);
			name = InfoPlist.strings;
			sourceTree = "<group>";
		};
		C25CBB02190F758E00D03BB5 /* InfoPlist.strings */ = {
			isa = PBXVariantGroup;
			children = (
				C25CBB03190F758E00D03BB5 /* en */,
			);
			name = InfoPlist.strings;
			sourceTree = "<group>";
		};
		C25CBB0F190F763700D03BB5 /* Main.storyboard */ = {
			isa = PBXVariantGroup;
			children = (
				C25CBB10190F763700D03BB5 /* Base */,
			);
			name = Main.storyboard;
			sourceTree = "<group>";
		};
/* End PBXVariantGroup section */

/* Begin XCBuildConfiguration section */
		C25CBB07190F758E00D03BB5 /* Debug */ = {
			isa = XCBuildConfiguration;
			buildSettings = {
				ALWAYS_SEARCH_USER_PATHS = NO;
				CLANG_CXX_LANGUAGE_STANDARD = "gnu++0x";
				CLANG_CXX_LIBRARY = "libc++";
				CLANG_ENABLE_MODULES = YES;
				CLANG_ENABLE_OBJC_ARC = YES;
				CLANG_WARN_BOOL_CONVERSION = YES;
				CLANG_WARN_CONSTANT_CONVERSION = YES;
				CLANG_WARN_DIRECT_OBJC_ISA_USAGE = YES_ERROR;
				CLANG_WARN_EMPTY_BODY = YES;
				CLANG_WARN_ENUM_CONVERSION = YES;
				CLANG_WARN_INT_CONVERSION = YES;
				CLANG_WARN_OBJC_ROOT_CLASS = YES_ERROR;
				CLANG_WARN__DUPLICATE_METHOD_MATCH = YES;
				"CODE_SIGN_IDENTITY[sdk=iphoneos*]" = "iPhone Developer";
				COPY_PHASE_STRIP = NO;
				GCC_C_LANGUAGE_STANDARD = gnu99;
				GCC_DYNAMIC_NO_PIC = NO;
				GCC_OPTIMIZATION_LEVEL = 0;
				GCC_PREPROCESSOR_DEFINITIONS = (
					"DEBUG=1",
					"$(inherited)",
				);
				GCC_SYMBOLS_PRIVATE_EXTERN = NO;
				GCC_WARN_64_TO_32_BIT_CONVERSION = YES;
				GCC_WARN_ABOUT_RETURN_TYPE = YES_ERROR;
				GCC_WARN_UNDECLARED_SELECTOR = YES;
				GCC_WARN_UNINITIALIZED_AUTOS = YES_AGGRESSIVE;
				GCC_WARN_UNUSED_FUNCTION = YES;
				GCC_WARN_UNUSED_VARIABLE = YES;
				IPHONEOS_DEPLOYMENT_TARGET = 7.1;
				ONLY_ACTIVE_ARCH = YES;
				SDKROOT = iphoneos;
			};
			name = Debug;
		};
		C25CBB08190F758E00D03BB5 /* Release */ = {
			isa = XCBuildConfiguration;
			buildSettings = {
				ALWAYS_SEARCH_USER_PATHS = NO;
				CLANG_CXX_LANGUAGE_STANDARD = "gnu++0x";
				CLANG_CXX_LIBRARY = "libc++";
				CLANG_ENABLE_MODULES = YES;
				CLANG_ENABLE_OBJC_ARC = YES;
				CLANG_WARN_BOOL_CONVERSION = YES;
				CLANG_WARN_CONSTANT_CONVERSION = YES;
				CLANG_WARN_DIRECT_OBJC_ISA_USAGE = YES_ERROR;
				CLANG_WARN_EMPTY_BODY = YES;
				CLANG_WARN_ENUM_CONVERSION = YES;
				CLANG_WARN_INT_CONVERSION = YES;
				CLANG_WARN_OBJC_ROOT_CLASS = YES_ERROR;
				CLANG_WARN__DUPLICATE_METHOD_MATCH = YES;
				"CODE_SIGN_IDENTITY[sdk=iphoneos*]" = "iPhone Developer";
				COPY_PHASE_STRIP = YES;
				ENABLE_NS_ASSERTIONS = NO;
				GCC_C_LANGUAGE_STANDARD = gnu99;
				GCC_WARN_64_TO_32_BIT_CONVERSION = YES;
				GCC_WARN_ABOUT_RETURN_TYPE = YES_ERROR;
				GCC_WARN_UNDECLARED_SELECTOR = YES;
				GCC_WARN_UNINITIALIZED_AUTOS = YES_AGGRESSIVE;
				GCC_WARN_UNUSED_FUNCTION = YES;
				GCC_WARN_UNUSED_VARIABLE = YES;
				IPHONEOS_DEPLOYMENT_TARGET = 7.1;
				SDKROOT = iphoneos;
				VALIDATE_PRODUCT = YES;
			};
			name = Release;
		};
		C25CBB0A190F758E00D03BB5 /* Debug */ = {
			isa = XCBuildConfiguration;
			buildSettings = {
				ASSETCATALOG_COMPILER_APPICON_NAME = AppIcon;
				ASSETCATALOG_COMPILER_LAUNCHIMAGE_NAME = LaunchImage;
				GCC_PRECOMPILE_PREFIX_HEADER = YES;
				GCC_PREFIX_HEADER = "UINavigationControllerWithCompletionBlock/UINavigationControllerWithCompletionBlock-Prefix.pch";
				INFOPLIST_FILE = "UINavigationControllerWithCompletionBlock/UINavigationControllerWithCompletionBlock-Info.plist";
				PRODUCT_NAME = "$(TARGET_NAME)";
				WRAPPER_EXTENSION = app;
			};
			name = Debug;
		};
		C25CBB0B190F758E00D03BB5 /* Release */ = {
			isa = XCBuildConfiguration;
			buildSettings = {
				ASSETCATALOG_COMPILER_APPICON_NAME = AppIcon;
				ASSETCATALOG_COMPILER_LAUNCHIMAGE_NAME = LaunchImage;
				GCC_PRECOMPILE_PREFIX_HEADER = YES;
				GCC_PREFIX_HEADER = "UINavigationControllerWithCompletionBlock/UINavigationControllerWithCompletionBlock-Prefix.pch";
				INFOPLIST_FILE = "UINavigationControllerWithCompletionBlock/UINavigationControllerWithCompletionBlock-Info.plist";
				PRODUCT_NAME = "$(TARGET_NAME)";
				WRAPPER_EXTENSION = app;
			};
			name = Release;
		};
		C25CBB0D190F758E00D03BB5 /* Debug */ = {
			isa = XCBuildConfiguration;
			buildSettings = {
				BUNDLE_LOADER = "$(BUILT_PRODUCTS_DIR)/UINavigationControllerWithCompletionBlock.app/UINavigationControllerWithCompletionBlock";
				FRAMEWORK_SEARCH_PATHS = (
					"$(SDKROOT)/Developer/Library/Frameworks",
					"$(inherited)",
					"$(DEVELOPER_FRAMEWORKS_DIR)",
				);
				GCC_PRECOMPILE_PREFIX_HEADER = YES;
				GCC_PREFIX_HEADER = "UINavigationControllerWithCompletionBlock/UINavigationControllerWithCompletionBlock-Prefix.pch";
				GCC_PREPROCESSOR_DEFINITIONS = (
					"DEBUG=1",
					"$(inherited)",
				);
				INFOPLIST_FILE = "UINavigationControllerWithCompletionBlockTests/UINavigationControllerWithCompletionBlockTests-Info.plist";
				PRODUCT_NAME = "$(TARGET_NAME)";
				TEST_HOST = "$(BUNDLE_LOADER)";
				WRAPPER_EXTENSION = xctest;
			};
			name = Debug;
		};
		C25CBB0E190F758E00D03BB5 /* Release */ = {
			isa = XCBuildConfiguration;
			buildSettings = {
				BUNDLE_LOADER = "$(BUILT_PRODUCTS_DIR)/UINavigationControllerWithCompletionBlock.app/UINavigationControllerWithCompletionBlock";
				FRAMEWORK_SEARCH_PATHS = (
					"$(SDKROOT)/Developer/Library/Frameworks",
					"$(inherited)",
					"$(DEVELOPER_FRAMEWORKS_DIR)",
				);
				GCC_PRECOMPILE_PREFIX_HEADER = YES;
				GCC_PREFIX_HEADER = "UINavigationControllerWithCompletionBlock/UINavigationControllerWithCompletionBlock-Prefix.pch";
				INFOPLIST_FILE = "UINavigationControllerWithCompletionBlockTests/UINavigationControllerWithCompletionBlockTests-Info.plist";
				PRODUCT_NAME = "$(TARGET_NAME)";
				TEST_HOST = "$(BUNDLE_LOADER)";
				WRAPPER_EXTENSION = xctest;
			};
			name = Release;
		};
/* End XCBuildConfiguration section */

/* Begin XCConfigurationList section */
		C25CBAD2190F758E00D03BB5 /* Build configuration list for PBXProject "UINavigationControllerWithCompletionBlock" */ = {
			isa = XCConfigurationList;
			buildConfigurations = (
				C25CBB07190F758E00D03BB5 /* Debug */,
				C25CBB08190F758E00D03BB5 /* Release */,
			);
			defaultConfigurationIsVisible = 0;
			defaultConfigurationName = Release;
		};
		C25CBB09190F758E00D03BB5 /* Build configuration list for PBXNativeTarget "UINavigationControllerWithCompletionBlock" */ = {
			isa = XCConfigurationList;
			buildConfigurations = (
				C25CBB0A190F758E00D03BB5 /* Debug */,
				C25CBB0B190F758E00D03BB5 /* Release */,
			);
			defaultConfigurationIsVisible = 0;
		};
		C25CBB0C190F758E00D03BB5 /* Build configuration list for PBXNativeTarget "UINavigationControllerWithCompletionBlockTests" */ = {
			isa = XCConfigurationList;
			buildConfigurations = (
				C25CBB0D190F758E00D03BB5 /* Debug */,
				C25CBB0E190F758E00D03BB5 /* Release */,
			);
			defaultConfigurationIsVisible = 0;
		};
/* End XCConfigurationList section */
	};
	rootObject = C25CBACF190F758E00D03BB5 /* Project object */;
}
